
Microsoft Visual Studio Solution File, Format Version 12.00
Project("{FAE04EC0-301F-11D3-BF4B-00C04F79EFBC}") = "TDDCourse", "TDDCourse\TDDCourse.csproj", "{E44A12CF-4AA8-457E-86E2-3450504A6D47}"
EndProject
Project("{FAE04EC0-301F-11D3-BF4B-00C04F79EFBC}") = "WebApplication1", "WebApplication1\WebApplication1.csproj", "{79EC1520-017A-4A9E-AD2C-9C6CA913B390}"
EndProject
Global
	GlobalSection(SolutionConfigurationPlatforms) = preSolution
		Debug|Any CPU = Debug|Any CPU
		Release|Any CPU = Release|Any CPU
	EndGlobalSection
	GlobalSection(ProjectConfigurationPlatforms) = postSolution
		{E44A12CF-4AA8-457E-86E2-3450504A6D47}.Debug|Any CPU.ActiveCfg = Debug|Any CPU
		{E44A12CF-4AA8-457E-86E2-3450504A6D47}.Debug|Any CPU.Build.0 = Debug|Any CPU
		{E44A12CF-4AA8-457E-86E2-3450504A6D47}.Release|Any CPU.ActiveCfg = Release|Any CPU
		{E44A12CF-4AA8-457E-86E2-3450504A6D47}.Release|Any CPU.Build.0 = Release|Any CPU
		{79EC1520-017A-4A9E-AD2C-9C6CA913B390}.Debug|Any CPU.ActiveCfg = Debug|Any CPU
		{79EC1520-017A-4A9E-AD2C-9C6CA913B390}.Debug|Any CPU.Build.0 = Debug|Any CPU
		{79EC1520-017A-4A9E-AD2C-9C6CA913B390}.Release|Any CPU.ActiveCfg = Release|Any CPU
		{79EC1520-017A-4A9E-AD2C-9C6CA913B390}.Release|Any CPU.Build.0 = Release|Any CPU
	EndGlobalSection
EndGlobal
